
Microsoft Visual Studio Solution File, Format Version 12.00
# Visual Studio Version 17
VisualStudioVersion = 17.2.32630.192
MinimumVisualStudioVersion = 10.0.40219.1
Project("{FAE04EC0-301F-11D3-BF4B-00C04F79EFBC}") = "Ex5", "Ex5\Ex5.csproj", "{18578E12-D59F-45DC-95E9-A072C8755722}"
EndProject
Global
	GlobalSection(SolutionConfigurationPlatforms) = preSolution
		Debug|Any CPU = Debug|Any CPU
		Release|Any CPU = Release|Any CPU
	EndGlobalSection
	GlobalSection(ProjectConfigurationPlatforms) = postSolution
		{18578E12-D59F-45DC-95E9-A072C8755722}.Debug|Any CPU.ActiveCfg = Debug|Any CPU
		{18578E12-D59F-45DC-95E9-A072C8755722}.Debug|Any CPU.Build.0 = Debug|Any CPU
		{18578E12-D59F-45DC-95E9-A072C8755722}.Release|Any CPU.ActiveCfg = Release|Any CPU
		{18578E12-D59F-45DC-95E9-A072C8755722}.Release|Any CPU.Build.0 = Release|Any CPU
	EndGlobalSection
	GlobalSection(SolutionProperties) = preSolution
		HideSolutionNode = FALSE
	EndGlobalSection
	GlobalSection(ExtensibilityGlobals) = postSolution
		SolutionGuid = {F10C4573-6EE1-48BC-A9A4-E946A96B62FC}
	EndGlobalSection
EndGlobal
